// !$*UTF8*$!
{
	archiveVersion = 1;
	classes = {
	};
	objectVersion = 46;
	objects = {

/* Begin PBXBuildFile section */
		733EFDBD1A3ACBF600ECEA70 /* Default-568h.png in Resources */ = {isa = PBXBuildFile; fileRef = 733EFDAD1A3ACBF500ECEA70 /* Default-568h.png */; };
		733EFDBE1A3ACBF600ECEA70 /* Default-568h.png in Resources */ = {isa = PBXBuildFile; fileRef = 733EFDAD1A3ACBF500ECEA70 /* Default-568h.png */; };
		733EFDBF1A3ACBF600ECEA70 /* Default-568h@2x.png in Resources */ = {isa = PBXBuildFile; fileRef = 733EFDAE1A3ACBF500ECEA70 /* Default-568h@2x.png */; };
		733EFDC01A3ACBF600ECEA70 /* Default-568h@2x.png in Resources */ = {isa = PBXBuildFile; fileRef = 733EFDAE1A3ACBF500ECEA70 /* Default-568h@2x.png */; };
		733EFDC11A3ACBF600ECEA70 /* Default-667h@2x.png in Resources */ = {isa = PBXBuildFile; fileRef = 733EFDAF1A3ACBF500ECEA70 /* Default-667h@2x.png */; };
		733EFDC21A3ACBF600ECEA70 /* Default-667h@2x.png in Resources */ = {isa = PBXBuildFile; fileRef = 733EFDAF1A3ACBF500ECEA70 /* Default-667h@2x.png */; };
		733EFDC31A3ACBF600ECEA70 /* Default-736h@3x.png in Resources */ = {isa = PBXBuildFile; fileRef = 733EFDB01A3ACBF500ECEA70 /* Default-736h@3x.png */; };
		733EFDC41A3ACBF600ECEA70 /* Default-736h@3x.png in Resources */ = {isa = PBXBuildFile; fileRef = 733EFDB01A3ACBF500ECEA70 /* Default-736h@3x.png */; };
		733EFDC51A3ACBF600ECEA70 /* document.png in Resources */ = {isa = PBXBuildFile; fileRef = 733EFDB11A3ACBF500ECEA70 /* document.png */; };
		733EFDC61A3ACBF600ECEA70 /* document.png in Resources */ = {isa = PBXBuildFile; fileRef = 733EFDB11A3ACBF500ECEA70 /* document.png */; };
		733EFDC71A3ACBF600ECEA70 /* document@2x.png in Resources */ = {isa = PBXBuildFile; fileRef = 733EFDB21A3ACBF500ECEA70 /* document@2x.png */; };
		733EFDC81A3ACBF600ECEA70 /* document@2x.png in Resources */ = {isa = PBXBuildFile; fileRef = 733EFDB21A3ACBF500ECEA70 /* document@2x.png */; };
		733EFDCD1A3ACBF600ECEA70 /* menu.png in Resources */ = {isa = PBXBuildFile; fileRef = 733EFDB51A3ACBF500ECEA70 /* menu.png */; };
		733EFDCE1A3ACBF600ECEA70 /* menu.png in Resources */ = {isa = PBXBuildFile; fileRef = 733EFDB51A3ACBF500ECEA70 /* menu.png */; };
		733EFDCF1A3ACBF600ECEA70 /* menu@2x.png in Resources */ = {isa = PBXBuildFile; fileRef = 733EFDB61A3ACBF500ECEA70 /* menu@2x.png */; };
		733EFDD01A3ACBF600ECEA70 /* menu@2x.png in Resources */ = {isa = PBXBuildFile; fileRef = 733EFDB61A3ACBF500ECEA70 /* menu@2x.png */; };
		733EFDD11A3ACBF600ECEA70 /* reload.png in Resources */ = {isa = PBXBuildFile; fileRef = 733EFDB71A3ACBF500ECEA70 /* reload.png */; };
		733EFDD21A3ACBF600ECEA70 /* reload.png in Resources */ = {isa = PBXBuildFile; fileRef = 733EFDB71A3ACBF500ECEA70 /* reload.png */; };
		733EFDD31A3ACBF600ECEA70 /* reload@2x.png in Resources */ = {isa = PBXBuildFile; fileRef = 733EFDB81A3ACBF500ECEA70 /* reload@2x.png */; };
		733EFDD41A3ACBF600ECEA70 /* reload@2x.png in Resources */ = {isa = PBXBuildFile; fileRef = 733EFDB81A3ACBF500ECEA70 /* reload@2x.png */; };
		733EFDD91A3ACBF600ECEA70 /* waste.png in Resources */ = {isa = PBXBuildFile; fileRef = 733EFDBB1A3ACBF600ECEA70 /* waste.png */; };
		733EFDDA1A3ACBF600ECEA70 /* waste.png in Resources */ = {isa = PBXBuildFile; fileRef = 733EFDBB1A3ACBF600ECEA70 /* waste.png */; };
		733EFDDB1A3ACBF600ECEA70 /* waste@2x.png in Resources */ = {isa = PBXBuildFile; fileRef = 733EFDBC1A3ACBF600ECEA70 /* waste@2x.png */; };
		733EFDDC1A3ACBF600ECEA70 /* waste@2x.png in Resources */ = {isa = PBXBuildFile; fileRef = 733EFDBC1A3ACBF600ECEA70 /* waste@2x.png */; };
		733EFDDF1A3AD54000ECEA70 /* domain.png in Resources */ = {isa = PBXBuildFile; fileRef = 733EFDDD1A3AD54000ECEA70 /* domain.png */; };
		733EFDE01A3AD54000ECEA70 /* domain.png in Resources */ = {isa = PBXBuildFile; fileRef = 733EFDDD1A3AD54000ECEA70 /* domain.png */; };
		733EFDE11A3AD54000ECEA70 /* domain@2x.png in Resources */ = {isa = PBXBuildFile; fileRef = 733EFDDE1A3AD54000ECEA70 /* domain@2x.png */; };
		733EFDE21A3AD54000ECEA70 /* domain@2x.png in Resources */ = {isa = PBXBuildFile; fileRef = 733EFDDE1A3AD54000ECEA70 /* domain@2x.png */; };
		733EFDE51A3AEACF00ECEA70 /* WebLoggerCell.m in Sources */ = {isa = PBXBuildFile; fileRef = 733EFDE41A3AEACF00ECEA70 /* WebLoggerCell.m */; };
		733EFDE61A3AEACF00ECEA70 /* WebLoggerCell.m in Sources */ = {isa = PBXBuildFile; fileRef = 733EFDE41A3AEACF00ECEA70 /* WebLoggerCell.m */; };
		733EFDEB1A3AEBE800ECEA70 /* error.png in Resources */ = {isa = PBXBuildFile; fileRef = 733EFDE71A3AEBE800ECEA70 /* error.png */; };
		733EFDEC1A3AEBE800ECEA70 /* error.png in Resources */ = {isa = PBXBuildFile; fileRef = 733EFDE71A3AEBE800ECEA70 /* error.png */; };
		733EFDED1A3AEBE800ECEA70 /* checkmark.png in Resources */ = {isa = PBXBuildFile; fileRef = 733EFDE81A3AEBE800ECEA70 /* checkmark.png */; };
		733EFDEE1A3AEBE800ECEA70 /* checkmark.png in Resources */ = {isa = PBXBuildFile; fileRef = 733EFDE81A3AEBE800ECEA70 /* checkmark.png */; };
		733EFDEF1A3AEBE800ECEA70 /* error@2x.png in Resources */ = {isa = PBXBuildFile; fileRef = 733EFDE91A3AEBE800ECEA70 /* error@2x.png */; };
		733EFDF01A3AEBE800ECEA70 /* error@2x.png in Resources */ = {isa = PBXBuildFile; fileRef = 733EFDE91A3AEBE800ECEA70 /* error@2x.png */; };
		733EFDF11A3AEBE800ECEA70 /* checkmark@2x.png in Resources */ = {isa = PBXBuildFile; fileRef = 733EFDEA1A3AEBE800ECEA70 /* checkmark@2x.png */; };
		733EFDF21A3AEBE800ECEA70 /* checkmark@2x.png in Resources */ = {isa = PBXBuildFile; fileRef = 733EFDEA1A3AEBE800ECEA70 /* checkmark@2x.png */; };
		736C4BC21A3909DC0042C661 /* main.m in Sources */ = {isa = PBXBuildFile; fileRef = 736C4BC11A3909DC0042C661 /* main.m */; };
		736C4BC51A3909DC0042C661 /* AppDelegate.m in Sources */ = {isa = PBXBuildFile; fileRef = 736C4BC41A3909DC0042C661 /* AppDelegate.m */; };
		736C4BC81A3909DC0042C661 /* ViewController.m in Sources */ = {isa = PBXBuildFile; fileRef = 736C4BC71A3909DC0042C661 /* ViewController.m */; };
		736C4BDC1A3909DC0042C661 /* WebSnifferTests.m in Sources */ = {isa = PBXBuildFile; fileRef = 736C4BDB1A3909DC0042C661 /* WebSnifferTests.m */; };
		736C4BE71A390A210042C661 /* WebBrowserView.m in Sources */ = {isa = PBXBuildFile; fileRef = 736C4BE61A390A210042C661 /* WebBrowserView.m */; };
		736C4BF41A391F780042C661 /* Foundation.framework in Frameworks */ = {isa = PBXBuildFile; fileRef = 736C4BF31A391F780042C661 /* Foundation.framework */; };
		73759C3C1A3955B90050255F /* WebSnifferURLProtocol.m in Sources */ = {isa = PBXBuildFile; fileRef = 73759C391A3955B90050255F /* WebSnifferURLProtocol.m */; };
		73759C3D1A3955B90050255F /* WebSnifferURLProtocol.m in Sources */ = {isa = PBXBuildFile; fileRef = 73759C391A3955B90050255F /* WebSnifferURLProtocol.m */; };
		73759C3E1A3955B90050255F /* WebSniffer.m in Sources */ = {isa = PBXBuildFile; fileRef = 73759C3B1A3955B90050255F /* WebSniffer.m */; };
		73759C3F1A3955B90050255F /* WebSniffer.m in Sources */ = {isa = PBXBuildFile; fileRef = 73759C3B1A3955B90050255F /* WebSniffer.m */; };
		73759C431A397CC70050255F /* WebLoggerView.m in Sources */ = {isa = PBXBuildFile; fileRef = 73759C421A397CC70050255F /* WebLoggerView.m */; };
/* End PBXBuildFile section */

/* Begin PBXContainerItemProxy section */
		736C4BD61A3909DC0042C661 /* PBXContainerItemProxy */ = {
			isa = PBXContainerItemProxy;
			containerPortal = 736C4BB41A3909DC0042C661 /* Project object */;
			proxyType = 1;
			remoteGlobalIDString = 736C4BBB1A3909DC0042C661;
			remoteInfo = WebSniffer;
		};
/* End PBXContainerItemProxy section */

/* Begin PBXFileReference section */
		733EFDAD1A3ACBF500ECEA70 /* Default-568h.png */ = {isa = PBXFileReference; lastKnownFileType = image.png; path = "Default-568h.png"; sourceTree = "<group>"; };
		733EFDAE1A3ACBF500ECEA70 /* Default-568h@2x.png */ = {isa = PBXFileReference; lastKnownFileType = image.png; path = "Default-568h@2x.png"; sourceTree = "<group>"; };
		733EFDAF1A3ACBF500ECEA70 /* Default-667h@2x.png */ = {isa = PBXFileReference; lastKnownFileType = image.png; path = "Default-667h@2x.png"; sourceTree = "<group>"; };
		733EFDB01A3ACBF500ECEA70 /* Default-736h@3x.png */ = {isa = PBXFileReference; lastKnownFileType = image.png; path = "Default-736h@3x.png"; sourceTree = "<group>"; };
		733EFDB11A3ACBF500ECEA70 /* document.png */ = {isa = PBXFileReference; lastKnownFileType = image.png; path = document.png; sourceTree = "<group>"; };
		733EFDB21A3ACBF500ECEA70 /* document@2x.png */ = {isa = PBXFileReference; lastKnownFileType = image.png; path = "document@2x.png"; sourceTree = "<group>"; };
		733EFDB51A3ACBF500ECEA70 /* menu.png */ = {isa = PBXFileReference; lastKnownFileType = image.png; path = menu.png; sourceTree = "<group>"; };
		733EFDB61A3ACBF500ECEA70 /* menu@2x.png */ = {isa = PBXFileReference; lastKnownFileType = image.png; path = "menu@2x.png"; sourceTree = "<group>"; };
		733EFDB71A3ACBF500ECEA70 /* reload.png */ = {isa = PBXFileReference; lastKnownFileType = image.png; path = reload.png; sourceTree = "<group>"; };
		733EFDB81A3ACBF500ECEA70 /* reload@2x.png */ = {isa = PBXFileReference; lastKnownFileType = image.png; path = "reload@2x.png"; sourceTree = "<group>"; };
		733EFDBB1A3ACBF600ECEA70 /* waste.png */ = {isa = PBXFileReference; lastKnownFileType = image.png; path = waste.png; sourceTree = "<group>"; };
		733EFDBC1A3ACBF600ECEA70 /* waste@2x.png */ = {isa = PBXFileReference; lastKnownFileType = image.png; path = "waste@2x.png"; sourceTree = "<group>"; };
		733EFDDD1A3AD54000ECEA70 /* domain.png */ = {isa = PBXFileReference; lastKnownFileType = image.png; path = domain.png; sourceTree = "<group>"; };
		733EFDDE1A3AD54000ECEA70 /* domain@2x.png */ = {isa = PBXFileReference; lastKnownFileType = image.png; path = "domain@2x.png"; sourceTree = "<group>"; };
		733EFDE31A3AEACF00ECEA70 /* WebLoggerCell.h */ = {isa = PBXFileReference; fileEncoding = 4; lastKnownFileType = sourcecode.c.h; path = WebLoggerCell.h; sourceTree = "<group>"; };
		733EFDE41A3AEACF00ECEA70 /* WebLoggerCell.m */ = {isa = PBXFileReference; fileEncoding = 4; lastKnownFileType = sourcecode.c.objc; path = WebLoggerCell.m; sourceTree = "<group>"; };
		733EFDE71A3AEBE800ECEA70 /* error.png */ = {isa = PBXFileReference; lastKnownFileType = image.png; path = error.png; sourceTree = "<group>"; };
		733EFDE81A3AEBE800ECEA70 /* checkmark.png */ = {isa = PBXFileReference; lastKnownFileType = image.png; path = checkmark.png; sourceTree = "<group>"; };
		733EFDE91A3AEBE800ECEA70 /* error@2x.png */ = {isa = PBXFileReference; lastKnownFileType = image.png; path = "error@2x.png"; sourceTree = "<group>"; };
		733EFDEA1A3AEBE800ECEA70 /* checkmark@2x.png */ = {isa = PBXFileReference; lastKnownFileType = image.png; path = "checkmark@2x.png"; sourceTree = "<group>"; };
		736C4BBC1A3909DC0042C661 /* WebSniffer.app */ = {isa = PBXFileReference; explicitFileType = wrapper.application; includeInIndex = 0; path = WebSniffer.app; sourceTree = BUILT_PRODUCTS_DIR; };
		736C4BC01A3909DC0042C661 /* Info.plist */ = {isa = PBXFileReference; lastKnownFileType = text.plist.xml; name = Info.plist; path = ../Info.plist; sourceTree = "<group>"; };
		736C4BC11A3909DC0042C661 /* main.m */ = {isa = PBXFileReference; lastKnownFileType = sourcecode.c.objc; path = main.m; sourceTree = "<group>"; };
		736C4BC31A3909DC0042C661 /* AppDelegate.h */ = {isa = PBXFileReference; lastKnownFileType = sourcecode.c.h; path = AppDelegate.h; sourceTree = "<group>"; };
		736C4BC41A3909DC0042C661 /* AppDelegate.m */ = {isa = PBXFileReference; lastKnownFileType = sourcecode.c.objc; path = AppDelegate.m; sourceTree = "<group>"; };
		736C4BC61A3909DC0042C661 /* ViewController.h */ = {isa = PBXFileReference; lastKnownFileType = sourcecode.c.h; path = ViewController.h; sourceTree = "<group>"; };
		736C4BC71A3909DC0042C661 /* ViewController.m */ = {isa = PBXFileReference; lastKnownFileType = sourcecode.c.objc; path = ViewController.m; sourceTree = "<group>"; };
		736C4BD51A3909DC0042C661 /* WebSnifferTests.xctest */ = {isa = PBXFileReference; explicitFileType = wrapper.cfbundle; includeInIndex = 0; path = WebSnifferTests.xctest; sourceTree = BUILT_PRODUCTS_DIR; };
		736C4BDA1A3909DC0042C661 /* Info.plist */ = {isa = PBXFileReference; lastKnownFileType = text.plist.xml; path = Info.plist; sourceTree = "<group>"; };
		736C4BDB1A3909DC0042C661 /* WebSnifferTests.m */ = {isa = PBXFileReference; lastKnownFileType = sourcecode.c.objc; path = WebSnifferTests.m; sourceTree = "<group>"; };
		736C4BE51A390A210042C661 /* WebBrowserView.h */ = {isa = PBXFileReference; fileEncoding = 4; lastKnownFileType = sourcecode.c.h; path = WebBrowserView.h; sourceTree = "<group>"; };
		736C4BE61A390A210042C661 /* WebBrowserView.m */ = {isa = PBXFileReference; fileEncoding = 4; lastKnownFileType = sourcecode.c.objc; path = WebBrowserView.m; sourceTree = "<group>"; };
		736C4BF31A391F780042C661 /* Foundation.framework */ = {isa = PBXFileReference; lastKnownFileType = wrapper.framework; name = Foundation.framework; path = System/Library/Frameworks/Foundation.framework; sourceTree = SDKROOT; };
		73759C391A3955B90050255F /* WebSnifferURLProtocol.m */ = {isa = PBXFileReference; fileEncoding = 4; lastKnownFileType = sourcecode.c.objc; name = WebSnifferURLProtocol.m; path = ../WebSnifferURLProtocol.m; sourceTree = "<group>"; };
		73759C3A1A3955B90050255F /* WebSniffer.h */ = {isa = PBXFileReference; fileEncoding = 4; lastKnownFileType = sourcecode.c.h; name = WebSniffer.h; path = ../WebSniffer.h; sourceTree = "<group>"; };
		73759C3B1A3955B90050255F /* WebSniffer.m */ = {isa = PBXFileReference; fileEncoding = 4; lastKnownFileType = sourcecode.c.objc; name = WebSniffer.m; path = ../WebSniffer.m; sourceTree = "<group>"; };
		73759C401A39566B0050255F /* WebSnifferURLProtocol.h */ = {isa = PBXFileReference; fileEncoding = 4; lastKnownFileType = sourcecode.c.h; name = WebSnifferURLProtocol.h; path = ../WebSnifferURLProtocol.h; sourceTree = "<group>"; };
		73759C411A397CC70050255F /* WebLoggerView.h */ = {isa = PBXFileReference; fileEncoding = 4; lastKnownFileType = sourcecode.c.h; path = WebLoggerView.h; sourceTree = "<group>"; };
		73759C421A397CC70050255F /* WebLoggerView.m */ = {isa = PBXFileReference; fileEncoding = 4; lastKnownFileType = sourcecode.c.objc; path = WebLoggerView.m; sourceTree = "<group>"; };
/* End PBXFileReference section */

/* Begin PBXFrameworksBuildPhase section */
		736C4BB91A3909DC0042C661 /* Frameworks */ = {
			isa = PBXFrameworksBuildPhase;
			buildActionMask = 2147483647;
			files = (
				736C4BF41A391F780042C661 /* Foundation.framework in Frameworks */,
			);
			runOnlyForDeploymentPostprocessing = 0;
		};
		736C4BD21A3909DC0042C661 /* Frameworks */ = {
			isa = PBXFrameworksBuildPhase;
			buildActionMask = 2147483647;
			files = (
			);
			runOnlyForDeploymentPostprocessing = 0;
		};
/* End PBXFrameworksBuildPhase section */

/* Begin PBXGroup section */
		733EFDAC1A3ACBF500ECEA70 /* Images */ = {
			isa = PBXGroup;
			children = (
				733EFDDD1A3AD54000ECEA70 /* domain.png */,
				733EFDDE1A3AD54000ECEA70 /* domain@2x.png */,
				733EFDAD1A3ACBF500ECEA70 /* Default-568h.png */,
				733EFDAE1A3ACBF500ECEA70 /* Default-568h@2x.png */,
				733EFDAF1A3ACBF500ECEA70 /* Default-667h@2x.png */,
				733EFDB01A3ACBF500ECEA70 /* Default-736h@3x.png */,
				733EFDE71A3AEBE800ECEA70 /* error.png */,
				733EFDE91A3AEBE800ECEA70 /* error@2x.png */,
				733EFDE81A3AEBE800ECEA70 /* checkmark.png */,
				733EFDEA1A3AEBE800ECEA70 /* checkmark@2x.png */,
				733EFDB11A3ACBF500ECEA70 /* document.png */,
				733EFDB21A3ACBF500ECEA70 /* document@2x.png */,
				733EFDB51A3ACBF500ECEA70 /* menu.png */,
				733EFDB61A3ACBF500ECEA70 /* menu@2x.png */,
				733EFDB71A3ACBF500ECEA70 /* reload.png */,
				733EFDB81A3ACBF500ECEA70 /* reload@2x.png */,
				733EFDBB1A3ACBF600ECEA70 /* waste.png */,
				733EFDBC1A3ACBF600ECEA70 /* waste@2x.png */,
			);
			path = Images;
			sourceTree = SOURCE_ROOT;
		};
		733EFDF31A3B145700ECEA70 /* Logger Table */ = {
			isa = PBXGroup;
			children = (
				73759C411A397CC70050255F /* WebLoggerView.h */,
				73759C421A397CC70050255F /* WebLoggerView.m */,
				733EFDE31A3AEACF00ECEA70 /* WebLoggerCell.h */,
				733EFDE41A3AEACF00ECEA70 /* WebLoggerCell.m */,
			);
			name = "Logger Table";
			sourceTree = "<group>";
		};
		733EFDF41A3B146F00ECEA70 /* Web Browser */ = {
			isa = PBXGroup;
			children = (
				736C4BE51A390A210042C661 /* WebBrowserView.h */,
				736C4BE61A390A210042C661 /* WebBrowserView.m */,
			);
			name = "Web Browser";
			sourceTree = "<group>";
		};
		736C4BB31A3909DC0042C661 = {
			isa = PBXGroup;
			children = (
				736C4BF31A391F780042C661 /* Foundation.framework */,
				736C4BBE1A3909DC0042C661 /* WebSniffer */,
				736C4BD81A3909DC0042C661 /* WebSnifferTests */,
				736C4BBD1A3909DC0042C661 /* Products */,
			);
			sourceTree = "<group>";
		};
		736C4BBD1A3909DC0042C661 /* Products */ = {
			isa = PBXGroup;
			children = (
				736C4BBC1A3909DC0042C661 /* WebSniffer.app */,
				736C4BD51A3909DC0042C661 /* WebSnifferTests.xctest */,
			);
			name = Products;
			sourceTree = "<group>";
		};
		736C4BBE1A3909DC0042C661 /* WebSniffer */ = {
			isa = PBXGroup;
			children = (
				736C4BC31A3909DC0042C661 /* AppDelegate.h */,
				736C4BC41A3909DC0042C661 /* AppDelegate.m */,
				736C4BC61A3909DC0042C661 /* ViewController.h */,
				736C4BC71A3909DC0042C661 /* ViewController.m */,
				733EFDF41A3B146F00ECEA70 /* Web Browser */,
				733EFDF31A3B145700ECEA70 /* Logger Table */,
				73759C371A3955B90050255F /* WebSnifferShared */,
				736C4BBF1A3909DC0042C661 /* Supporting Files */,
			);
			path = WebSniffer;
			sourceTree = "<group>";
		};
		736C4BBF1A3909DC0042C661 /* Supporting Files */ = {
			isa = PBXGroup;
			children = (
				733EFDAC1A3ACBF500ECEA70 /* Images */,
				736C4BC01A3909DC0042C661 /* Info.plist */,
				736C4BC11A3909DC0042C661 /* main.m */,
			);
			name = "Supporting Files";
			sourceTree = "<group>";
		};
		736C4BD81A3909DC0042C661 /* WebSnifferTests */ = {
			isa = PBXGroup;
			children = (
				736C4BDB1A3909DC0042C661 /* WebSnifferTests.m */,
				736C4BD91A3909DC0042C661 /* Supporting Files */,
			);
			path = WebSnifferTests;
			sourceTree = "<group>";
		};
		736C4BD91A3909DC0042C661 /* Supporting Files */ = {
			isa = PBXGroup;
			children = (
				736C4BDA1A3909DC0042C661 /* Info.plist */,
			);
			name = "Supporting Files";
			sourceTree = "<group>";
		};
		73759C371A3955B90050255F /* WebSnifferShared */ = {
			isa = PBXGroup;
			children = (
				73759C3A1A3955B90050255F /* WebSniffer.h */,
				73759C3B1A3955B90050255F /* WebSniffer.m */,
				73759C401A39566B0050255F /* WebSnifferURLProtocol.h */,
				73759C391A3955B90050255F /* WebSnifferURLProtocol.m */,
			);
			name = WebSnifferShared;
			path = ../../WebSniffer;
			sourceTree = "<group>";
		};
/* End PBXGroup section */

/* Begin PBXNativeTarget section */
		736C4BBB1A3909DC0042C661 /* WebSniffer */ = {
			isa = PBXNativeTarget;
			buildConfigurationList = 736C4BDF1A3909DC0042C661 /* Build configuration list for PBXNativeTarget "WebSniffer" */;
			buildPhases = (
				736C4BB81A3909DC0042C661 /* Sources */,
				736C4BB91A3909DC0042C661 /* Frameworks */,
				736C4BBA1A3909DC0042C661 /* Resources */,
			);
			buildRules = (
			);
			dependencies = (
			);
			name = WebSniffer;
			productName = WebSniffer;
			productReference = 736C4BBC1A3909DC0042C661 /* WebSniffer.app */;
			productType = "com.apple.product-type.application";
		};
		736C4BD41A3909DC0042C661 /* WebSnifferTests */ = {
			isa = PBXNativeTarget;
			buildConfigurationList = 736C4BE21A3909DC0042C661 /* Build configuration list for PBXNativeTarget "WebSnifferTests" */;
			buildPhases = (
				736C4BD11A3909DC0042C661 /* Sources */,
				736C4BD21A3909DC0042C661 /* Frameworks */,
				736C4BD31A3909DC0042C661 /* Resources */,
			);
			buildRules = (
			);
			dependencies = (
				736C4BD71A3909DC0042C661 /* PBXTargetDependency */,
			);
			name = WebSnifferTests;
			productName = WebSnifferTests;
			productReference = 736C4BD51A3909DC0042C661 /* WebSnifferTests.xctest */;
			productType = "com.apple.product-type.bundle.unit-test";
		};
/* End PBXNativeTarget section */

/* Begin PBXProject section */
		736C4BB41A3909DC0042C661 /* Project object */ = {
			isa = PBXProject;
			attributes = {
				LastUpgradeCheck = 0610;
				ORGANIZATIONNAME = "Casey E";
				TargetAttributes = {
					736C4BBB1A3909DC0042C661 = {
						CreatedOnToolsVersion = 6.1;
					};
					736C4BD41A3909DC0042C661 = {
						CreatedOnToolsVersion = 6.1;
						TestTargetID = 736C4BBB1A3909DC0042C661;
					};
				};
			};
			buildConfigurationList = 736C4BB71A3909DC0042C661 /* Build configuration list for PBXProject "WebSniffer" */;
			compatibilityVersion = "Xcode 3.2";
			developmentRegion = English;
			hasScannedForEncodings = 0;
			knownRegions = (
				en,
				Base,
			);
			mainGroup = 736C4BB31A3909DC0042C661;
			productRefGroup = 736C4BBD1A3909DC0042C661 /* Products */;
			projectDirPath = "";
			projectRoot = "";
			targets = (
				736C4BBB1A3909DC0042C661 /* WebSniffer */,
				736C4BD41A3909DC0042C661 /* WebSnifferTests */,
			);
		};
/* End PBXProject section */

/* Begin PBXResourcesBuildPhase section */
		736C4BBA1A3909DC0042C661 /* Resources */ = {
			isa = PBXResourcesBuildPhase;
			buildActionMask = 2147483647;
			files = (
				733EFDC51A3ACBF600ECEA70 /* document.png in Resources */,
				733EFDBD1A3ACBF600ECEA70 /* Default-568h.png in Resources */,
				733EFDCD1A3ACBF600ECEA70 /* menu.png in Resources */,
				733EFDC11A3ACBF600ECEA70 /* Default-667h@2x.png in Resources */,
				733EFDD91A3ACBF600ECEA70 /* waste.png in Resources */,
				733EFDD31A3ACBF600ECEA70 /* reload@2x.png in Resources */,
				733EFDC71A3ACBF600ECEA70 /* document@2x.png in Resources */,
				733EFDDF1A3AD54000ECEA70 /* domain.png in Resources */,
				733EFDCF1A3ACBF600ECEA70 /* menu@2x.png in Resources */,
				733EFDED1A3AEBE800ECEA70 /* checkmark.png in Resources */,
				733EFDF11A3AEBE800ECEA70 /* checkmark@2x.png in Resources */,
				733EFDBF1A3ACBF600ECEA70 /* Default-568h@2x.png in Resources */,
				733EFDEF1A3AEBE800ECEA70 /* error@2x.png in Resources */,
				733EFDDB1A3ACBF600ECEA70 /* waste@2x.png in Resources */,
				733EFDEB1A3AEBE800ECEA70 /* error.png in Resources */,
				733EFDC31A3ACBF600ECEA70 /* Default-736h@3x.png in Resources */,
				733EFDE11A3AD54000ECEA70 /* domain@2x.png in Resources */,
				733EFDD11A3ACBF600ECEA70 /* reload.png in Resources */,
			);
			runOnlyForDeploymentPostprocessing = 0;
		};
		736C4BD31A3909DC0042C661 /* Resources */ = {
			isa = PBXResourcesBuildPhase;
			buildActionMask = 2147483647;
			files = (
				733EFDC61A3ACBF600ECEA70 /* document.png in Resources */,
				733EFDBE1A3ACBF600ECEA70 /* Default-568h.png in Resources */,
				733EFDCE1A3ACBF600ECEA70 /* menu.png in Resources */,
				733EFDC21A3ACBF600ECEA70 /* Default-667h@2x.png in Resources */,
				733EFDDA1A3ACBF600ECEA70 /* waste.png in Resources */,
				733EFDD41A3ACBF600ECEA70 /* reload@2x.png in Resources */,
				733EFDC81A3ACBF600ECEA70 /* document@2x.png in Resources */,
				733EFDE01A3AD54000ECEA70 /* domain.png in Resources */,
				733EFDD01A3ACBF600ECEA70 /* menu@2x.png in Resources */,
				733EFDEE1A3AEBE800ECEA70 /* checkmark.png in Resources */,
				733EFDF21A3AEBE800ECEA70 /* checkmark@2x.png in Resources */,
				733EFDC01A3ACBF600ECEA70 /* Default-568h@2x.png in Resources */,
				733EFDF01A3AEBE800ECEA70 /* error@2x.png in Resources */,
				733EFDDC1A3ACBF600ECEA70 /* waste@2x.png in Resources */,
				733EFDEC1A3AEBE800ECEA70 /* error.png in Resources */,
				733EFDC41A3ACBF600ECEA70 /* Default-736h@3x.png in Resources */,
				733EFDE21A3AD54000ECEA70 /* domain@2x.png in Resources */,
				733EFDD21A3ACBF600ECEA70 /* reload.png in Resources */,
			);
			runOnlyForDeploymentPostprocessing = 0;
		};
/* End PBXResourcesBuildPhase section */

/* Begin PBXSourcesBuildPhase section */
		736C4BB81A3909DC0042C661 /* Sources */ = {
			isa = PBXSourcesBuildPhase;
			buildActionMask = 2147483647;
			files = (
				733EFDE51A3AEACF00ECEA70 /* WebLoggerCell.m in Sources */,
				736C4BC81A3909DC0042C661 /* ViewController.m in Sources */,
				73759C3C1A3955B90050255F /* WebSnifferURLProtocol.m in Sources */,
				736C4BC51A3909DC0042C661 /* AppDelegate.m in Sources */,
				73759C3E1A3955B90050255F /* WebSniffer.m in Sources */,
				73759C431A397CC70050255F /* WebLoggerView.m in Sources */,
				736C4BE71A390A210042C661 /* WebBrowserView.m in Sources */,
				736C4BC21A3909DC0042C661 /* main.m in Sources */,
			);
			runOnlyForDeploymentPostprocessing = 0;
		};
		736C4BD11A3909DC0042C661 /* Sources */ = {
			isa = PBXSourcesBuildPhase;
			buildActionMask = 2147483647;
			files = (
				733EFDE61A3AEACF00ECEA70 /* WebLoggerCell.m in Sources */,
				73759C3F1A3955B90050255F /* WebSniffer.m in Sources */,
				73759C3D1A3955B90050255F /* WebSnifferURLProtocol.m in Sources */,
				736C4BDC1A3909DC0042C661 /* WebSnifferTests.m in Sources */,
			);
			runOnlyForDeploymentPostprocessing = 0;
		};
/* End PBXSourcesBuildPhase section */

/* Begin PBXTargetDependency section */
		736C4BD71A3909DC0042C661 /* PBXTargetDependency */ = {
			isa = PBXTargetDependency;
			target = 736C4BBB1A3909DC0042C661 /* WebSniffer */;
			targetProxy = 736C4BD61A3909DC0042C661 /* PBXContainerItemProxy */;
		};
/* End PBXTargetDependency section */

/* Begin XCBuildConfiguration section */
		736C4BDD1A3909DC0042C661 /* Debug */ = {
			isa = XCBuildConfiguration;
			buildSettings = {
				ALWAYS_SEARCH_USER_PATHS = NO;
				CLANG_CXX_LANGUAGE_STANDARD = "gnu++0x";
				CLANG_CXX_LIBRARY = "libc++";
				CLANG_ENABLE_MODULES = YES;
				CLANG_ENABLE_OBJC_ARC = YES;
				CLANG_WARN_BOOL_CONVERSION = YES;
				CLANG_WARN_CONSTANT_CONVERSION = YES;
				CLANG_WARN_DIRECT_OBJC_ISA_USAGE = YES_ERROR;
				CLANG_WARN_EMPTY_BODY = YES;
				CLANG_WARN_ENUM_CONVERSION = YES;
				CLANG_WARN_INT_CONVERSION = YES;
				CLANG_WARN_OBJC_ROOT_CLASS = YES_ERROR;
				CLANG_WARN_UNREACHABLE_CODE = YES;
				CLANG_WARN__DUPLICATE_METHOD_MATCH = YES;
				"CODE_SIGN_IDENTITY[sdk=iphoneos*]" = "iPhone Developer";
				COPY_PHASE_STRIP = NO;
				ENABLE_STRICT_OBJC_MSGSEND = YES;
				GCC_C_LANGUAGE_STANDARD = gnu99;
				GCC_DYNAMIC_NO_PIC = NO;
				GCC_OPTIMIZATION_LEVEL = 0;
				GCC_PREPROCESSOR_DEFINITIONS = (
					"DEBUG=1",
					"$(inherited)",
				);
				GCC_SYMBOLS_PRIVATE_EXTERN = NO;
				GCC_WARN_64_TO_32_BIT_CONVERSION = YES;
				GCC_WARN_ABOUT_RETURN_TYPE = YES_ERROR;
				GCC_WARN_UNDECLARED_SELECTOR = YES;
				GCC_WARN_UNINITIALIZED_AUTOS = YES_AGGRESSIVE;
				GCC_WARN_UNUSED_FUNCTION = YES;
				GCC_WARN_UNUSED_VARIABLE = YES;
				IPHONEOS_DEPLOYMENT_TARGET = 8.1;
				MTL_ENABLE_DEBUG_INFO = YES;
				ONLY_ACTIVE_ARCH = YES;
				SDKROOT = iphoneos;
				TARGETED_DEVICE_FAMILY = "1,2";
			};
			name = Debug;
		};
		736C4BDE1A3909DC0042C661 /* Release */ = {
			isa = XCBuildConfiguration;
			buildSettings = {
				ALWAYS_SEARCH_USER_PATHS = NO;
				CLANG_CXX_LANGUAGE_STANDARD = "gnu++0x";
				CLANG_CXX_LIBRARY = "libc++";
				CLANG_ENABLE_MODULES = YES;
				CLANG_ENABLE_OBJC_ARC = YES;
				CLANG_WARN_BOOL_CONVERSION = YES;
				CLANG_WARN_CONSTANT_CONVERSION = YES;
				CLANG_WARN_DIRECT_OBJC_ISA_USAGE = YES_ERROR;
				CLANG_WARN_EMPTY_BODY = YES;
				CLANG_WARN_ENUM_CONVERSION = YES;
				CLANG_WARN_INT_CONVERSION = YES;
				CLANG_WARN_OBJC_ROOT_CLASS = YES_ERROR;
				CLANG_WARN_UNREACHABLE_CODE = YES;
				CLANG_WARN__DUPLICATE_METHOD_MATCH = YES;
				"CODE_SIGN_IDENTITY[sdk=iphoneos*]" = "iPhone Developer";
				COPY_PHASE_STRIP = YES;
				ENABLE_NS_ASSERTIONS = NO;
				ENABLE_STRICT_OBJC_MSGSEND = YES;
				GCC_C_LANGUAGE_STANDARD = gnu99;
				GCC_WARN_64_TO_32_BIT_CONVERSION = YES;
				GCC_WARN_ABOUT_RETURN_TYPE = YES_ERROR;
				GCC_WARN_UNDECLARED_SELECTOR = YES;
				GCC_WARN_UNINITIALIZED_AUTOS = YES_AGGRESSIVE;
				GCC_WARN_UNUSED_FUNCTION = YES;
				GCC_WARN_UNUSED_VARIABLE = YES;
				IPHONEOS_DEPLOYMENT_TARGET = 8.1;
				MTL_ENABLE_DEBUG_INFO = NO;
				SDKROOT = iphoneos;
				TARGETED_DEVICE_FAMILY = "1,2";
				VALIDATE_PRODUCT = YES;
			};
			name = Release;
		};
		736C4BE01A3909DC0042C661 /* Debug */ = {
			isa = XCBuildConfiguration;
			buildSettings = {
				ASSETCATALOG_COMPILER_APPICON_NAME = AppIcon;
				CODE_SIGN_IDENTITY = "";
				"CODE_SIGN_IDENTITY[sdk=iphoneos*]" = "";
				INFOPLIST_FILE = "$(SRCROOT)/Info.plist";
				IPHONEOS_DEPLOYMENT_TARGET = 7.0;
				LD_RUNPATH_SEARCH_PATHS = "$(inherited) @executable_path/Frameworks";
				PRODUCT_NAME = "$(TARGET_NAME)";
				PROVISIONING_PROFILE = "";
			};
			name = Debug;
		};
		736C4BE11A3909DC0042C661 /* Release */ = {
			isa = XCBuildConfiguration;
			buildSettings = {
				ASSETCATALOG_COMPILER_APPICON_NAME = AppIcon;
				CODE_SIGN_IDENTITY = "";
				"CODE_SIGN_IDENTITY[sdk=iphoneos*]" = "";
				INFOPLIST_FILE = "$(SRCROOT)/Info.plist";
				IPHONEOS_DEPLOYMENT_TARGET = 7.0;
				LD_RUNPATH_SEARCH_PATHS = "$(inherited) @executable_path/Frameworks";
				PRODUCT_NAME = "$(TARGET_NAME)";
				PROVISIONING_PROFILE = "";
			};
			name = Release;
		};
		736C4BE31A3909DC0042C661 /* Debug */ = {
			isa = XCBuildConfiguration;
			buildSettings = {
				BUNDLE_LOADER = "$(TEST_HOST)";
				CODE_SIGN_IDENTITY = "";
				"CODE_SIGN_IDENTITY[sdk=iphoneos*]" = "";
				FRAMEWORK_SEARCH_PATHS = (
					"$(SDKROOT)/Developer/Library/Frameworks",
					"$(inherited)",
				);
				GCC_PREPROCESSOR_DEFINITIONS = (
					"DEBUG=1",
					"$(inherited)",
				);
				INFOPLIST_FILE = WebSnifferTests/Info.plist;
				IPHONEOS_DEPLOYMENT_TARGET = 7.0;
				LD_RUNPATH_SEARCH_PATHS = "$(inherited) @executable_path/Frameworks @loader_path/Frameworks";
				PRODUCT_NAME = "$(TARGET_NAME)";
				PROVISIONING_PROFILE = "";
				TEST_HOST = "$(BUILT_PRODUCTS_DIR)/WebSniffer.app/WebSniffer";
			};
			name = Debug;
		};
		736C4BE41A3909DC0042C661 /* Release */ = {
			isa = XCBuildConfiguration;
			buildSettings = {
				BUNDLE_LOADER = "$(TEST_HOST)";
				CODE_SIGN_IDENTITY = "";
				"CODE_SIGN_IDENTITY[sdk=iphoneos*]" = "";
				FRAMEWORK_SEARCH_PATHS = (
					"$(SDKROOT)/Developer/Library/Frameworks",
					"$(inherited)",
				);
				INFOPLIST_FILE = WebSnifferTests/Info.plist;
				IPHONEOS_DEPLOYMENT_TARGET = 7.0;
				LD_RUNPATH_SEARCH_PATHS = "$(inherited) @executable_path/Frameworks @loader_path/Frameworks";
				PRODUCT_NAME = "$(TARGET_NAME)";
				PROVISIONING_PROFILE = "";
				TEST_HOST = "$(BUILT_PRODUCTS_DIR)/WebSniffer.app/WebSniffer";
			};
			name = Release;
		};
/* End XCBuildConfiguration section */

/* Begin XCConfigurationList section */
		736C4BB71A3909DC0042C661 /* Build configuration list for PBXProject "WebSniffer" */ = {
			isa = XCConfigurationList;
			buildConfigurations = (
				736C4BDD1A3909DC0042C661 /* Debug */,
				736C4BDE1A3909DC0042C661 /* Release */,
			);
			defaultConfigurationIsVisible = 0;
			defaultConfigurationName = Release;
		};
		736C4BDF1A3909DC0042C661 /* Build configuration list for PBXNativeTarget "WebSniffer" */ = {
			isa = XCConfigurationList;
			buildConfigurations = (
				736C4BE01A3909DC0042C661 /* Debug */,
				736C4BE11A3909DC0042C661 /* Release */,
			);
			defaultConfigurationIsVisible = 0;
			defaultConfigurationName = Release;
		};
		736C4BE21A3909DC0042C661 /* Build configuration list for PBXNativeTarget "WebSnifferTests" */ = {
			isa = XCConfigurationList;
			buildConfigurations = (
				736C4BE31A3909DC0042C661 /* Debug */,
				736C4BE41A3909DC0042C661 /* Release */,
			);
			defaultConfigurationIsVisible = 0;
			defaultConfigurationName = Release;
		};
/* End XCConfigurationList section */
	};
	rootObject = 736C4BB41A3909DC0042C661 /* Project object */;
}
